
Microsoft Visual Studio Solution File, Format Version 12.00
# Visual Studio Version 16
VisualStudioVersion = 16.0.30204.135
MinimumVisualStudioVersion = 10.0.40219.1
Project("{9A19103F-16F7-4668-BE54-9A1E7A4F7556}") = "ShoppingOnline", "ShoppingOnline\ShoppingOnline.csproj", "{5DDA6350-06C6-4D90-8C0A-57BC5AF7C464}"
EndProject
Project("{9A19103F-16F7-4668-BE54-9A1E7A4F7556}") = "Dal", "Dal\Dal.csproj", "{B42D6F99-3459-4708-8133-6384E14DE89C}"
EndProject
Project("{9A19103F-16F7-4668-BE54-9A1E7A4F7556}") = "Services.Tests", "Services.EVA.Tests\Services.Tests.csproj", "{294D0AE4-319A-464A-8F1A-9DDE8819323C}"
EndProject
Global
	GlobalSection(SolutionConfigurationPlatforms) = preSolution
		Debug|Any CPU = Debug|Any CPU
		Release|Any CPU = Release|Any CPU
	EndGlobalSection
	GlobalSection(ProjectConfigurationPlatforms) = postSolution
		{5DDA6350-06C6-4D90-8C0A-57BC5AF7C464}.Debug|Any CPU.ActiveCfg = Debug|Any CPU
		{5DDA6350-06C6-4D90-8C0A-57BC5AF7C464}.Debug|Any CPU.Build.0 = Debug|Any CPU
		{5DDA6350-06C6-4D90-8C0A-57BC5AF7C464}.Release|Any CPU.ActiveCfg = Release|Any CPU
		{5DDA6350-06C6-4D90-8C0A-57BC5AF7C464}.Release|Any CPU.Build.0 = Release|Any CPU
		{B42D6F99-3459-4708-8133-6384E14DE89C}.Debug|Any CPU.ActiveCfg = Debug|Any CPU
		{B42D6F99-3459-4708-8133-6384E14DE89C}.Debug|Any CPU.Build.0 = Debug|Any CPU
		{B42D6F99-3459-4708-8133-6384E14DE89C}.Release|Any CPU.ActiveCfg = Release|Any CPU
		{B42D6F99-3459-4708-8133-6384E14DE89C}.Release|Any CPU.Build.0 = Release|Any CPU
		{294D0AE4-319A-464A-8F1A-9DDE8819323C}.Debug|Any CPU.ActiveCfg = Debug|Any CPU
		{294D0AE4-319A-464A-8F1A-9DDE8819323C}.Debug|Any CPU.Build.0 = Debug|Any CPU
		{294D0AE4-319A-464A-8F1A-9DDE8819323C}.Release|Any CPU.ActiveCfg = Release|Any CPU
		{294D0AE4-319A-464A-8F1A-9DDE8819323C}.Release|Any CPU.Build.0 = Release|Any CPU
	EndGlobalSection
	GlobalSection(SolutionProperties) = preSolution
		HideSolutionNode = FALSE
	EndGlobalSection
	GlobalSection(ExtensibilityGlobals) = postSolution
		SolutionGuid = {6296829C-B259-4A3F-B080-DDDA732FC75D}
	EndGlobalSection
EndGlobal
